
Microsoft Visual Studio Solution File, Format Version 12.00
# Visual Studio Version 17
VisualStudioVersion = 17.0.31903.59
MinimumVisualStudioVersion = 10.0.40219.1
Project("{FAE04EC0-301F-11D3-BF4B-00C04F79EFBC}") = "Dominio", "Dominio\Dominio.csproj", "{2BFBB9F5-FF02-4B91-8622-BC5F3F329500}"
EndProject
Project("{FAE04EC0-301F-11D3-BF4B-00C04F79EFBC}") = "Aplicacion", "Aplicacion\Aplicacion.csproj", "{9E7489A3-2BB4-4CF7-9584-76BB174C6260}"
EndProject
Project("{FAE04EC0-301F-11D3-BF4B-00C04F79EFBC}") = "Persistencia", "Persistencia\Persistencia.csproj", "{D68C3715-6A08-4475-A56D-0B057133FDBF}"
EndProject
Project("{FAE04EC0-301F-11D3-BF4B-00C04F79EFBC}") = "API", "API\API.csproj", "{9B502237-3817-4461-9CDC-732E67D687C5}"
EndProject
Global
	GlobalSection(SolutionConfigurationPlatforms) = preSolution
		Debug|Any CPU = Debug|Any CPU
		Release|Any CPU = Release|Any CPU
	EndGlobalSection
	GlobalSection(SolutionProperties) = preSolution
		HideSolutionNode = FALSE
	EndGlobalSection
	GlobalSection(ProjectConfigurationPlatforms) = postSolution
		{2BFBB9F5-FF02-4B91-8622-BC5F3F329500}.Debug|Any CPU.ActiveCfg = Debug|Any CPU
		{2BFBB9F5-FF02-4B91-8622-BC5F3F329500}.Debug|Any CPU.Build.0 = Debug|Any CPU
		{2BFBB9F5-FF02-4B91-8622-BC5F3F329500}.Release|Any CPU.ActiveCfg = Release|Any CPU
		{2BFBB9F5-FF02-4B91-8622-BC5F3F329500}.Release|Any CPU.Build.0 = Release|Any CPU
		{9E7489A3-2BB4-4CF7-9584-76BB174C6260}.Debug|Any CPU.ActiveCfg = Debug|Any CPU
		{9E7489A3-2BB4-4CF7-9584-76BB174C6260}.Debug|Any CPU.Build.0 = Debug|Any CPU
		{9E7489A3-2BB4-4CF7-9584-76BB174C6260}.Release|Any CPU.ActiveCfg = Release|Any CPU
		{9E7489A3-2BB4-4CF7-9584-76BB174C6260}.Release|Any CPU.Build.0 = Release|Any CPU
		{D68C3715-6A08-4475-A56D-0B057133FDBF}.Debug|Any CPU.ActiveCfg = Debug|Any CPU
		{D68C3715-6A08-4475-A56D-0B057133FDBF}.Debug|Any CPU.Build.0 = Debug|Any CPU
		{D68C3715-6A08-4475-A56D-0B057133FDBF}.Release|Any CPU.ActiveCfg = Release|Any CPU
		{D68C3715-6A08-4475-A56D-0B057133FDBF}.Release|Any CPU.Build.0 = Release|Any CPU
		{9B502237-3817-4461-9CDC-732E67D687C5}.Debug|Any CPU.ActiveCfg = Debug|Any CPU
		{9B502237-3817-4461-9CDC-732E67D687C5}.Debug|Any CPU.Build.0 = Debug|Any CPU
		{9B502237-3817-4461-9CDC-732E67D687C5}.Release|Any CPU.ActiveCfg = Release|Any CPU
		{9B502237-3817-4461-9CDC-732E67D687C5}.Release|Any CPU.Build.0 = Release|Any CPU
	EndGlobalSection
EndGlobal
